
Microsoft Visual Studio Solution File, Format Version 12.00
# Visual Studio Version 16
VisualStudioVersion = 16.0.29509.3
MinimumVisualStudioVersion = 10.0.40219.1
Project("{FAE04EC0-301F-11D3-BF4B-00C04F79EFBC}") = "PruebaSahitest", "PruebaSahitest\PruebaSahitest.csproj", "{C22D44BF-9023-4A71-81E9-38E2AEC75865}"
EndProject
Global
	GlobalSection(SolutionConfigurationPlatforms) = preSolution
		Debug|Any CPU = Debug|Any CPU
		Release|Any CPU = Release|Any CPU
	EndGlobalSection
	GlobalSection(ProjectConfigurationPlatforms) = postSolution
		{C22D44BF-9023-4A71-81E9-38E2AEC75865}.Debug|Any CPU.ActiveCfg = Debug|Any CPU
		{C22D44BF-9023-4A71-81E9-38E2AEC75865}.Debug|Any CPU.Build.0 = Debug|Any CPU
		{C22D44BF-9023-4A71-81E9-38E2AEC75865}.Release|Any CPU.ActiveCfg = Release|Any CPU
		{C22D44BF-9023-4A71-81E9-38E2AEC75865}.Release|Any CPU.Build.0 = Release|Any CPU
	EndGlobalSection
	GlobalSection(SolutionProperties) = preSolution
		HideSolutionNode = FALSE
	EndGlobalSection
	GlobalSection(ExtensibilityGlobals) = postSolution
		SolutionGuid = {3822B015-21E5-4F45-B795-D12BCEFC479E}
	EndGlobalSection
EndGlobal
